{
  "name": "@admin-layout/react-shared-components",
  "version": "0.0.1",
  "lockfileVersion": 1,
  "requires": true,
  "dependencies": {
    "@ant-design/pro-provider": {
      "version": "0.0.2",
      "resolved": "https://registry.npmjs.org/@ant-design/pro-provider/-/pro-provider-0.0.2.tgz",
      "integrity": "sha512-8hjargkJlppq8Ty05ArnJd/ThtCJPbccBdw5YGIfsr9p5OiE6xwA56zwVlJ4nZB9r4ue5+680N8u8AIy2/Fq6g==",
      "requires": {
        "rc-util": "^5.0.1"
      }
    },
    "css-mediaquery": {
      "version": "0.1.2",
      "resolved": "https://registry.npmjs.org/css-mediaquery/-/css-mediaquery-0.1.2.tgz",
      "integrity": "sha1-aiw3NEkoYYYxxUvTPO3TAdoYvqA="
    },
    "hyphenate-style-name": {
      "version": "1.0.4",
      "resolved": "https://registry.npmjs.org/hyphenate-style-name/-/hyphenate-style-name-1.0.4.tgz",
      "integrity": "sha512-ygGZLjmXfPHj+ZWh6LwbC37l43MhfztxetbFCoYTM2VjkIUpeHgSNn7QIyVFj7YQ1Wl9Cbw5sholVJPzWvC2MQ=="
    },
    "js-tokens": {
      "version": "4.0.0",
      "resolved": "https://registry.npmjs.org/js-tokens/-/js-tokens-4.0.0.tgz",
      "integrity": "sha512-RdJUflcE3cUzKiMqQgsCu06FPu9UdIJO0beYbPhHN4k6apgJtifcoCtT9bcxOpYBtpD2kCM6Sbzg4CausW/PKQ=="
    },
    "loose-envify": {
      "version": "1.4.0",
      "resolved": "https://registry.npmjs.org/loose-envify/-/loose-envify-1.4.0.tgz",
      "integrity": "sha512-lyuxPGr/Wfhrlem2CL/UcnUc1zcqKAImBDzukY7Y5F/yQiNdko6+fRLevlw1HgMySw7f611UIY408EtxRSoK3Q==",
      "requires": {
        "js-tokens": "^3.0.0 || ^4.0.0"
      }
    },
    "matchmediaquery": {
      "version": "0.3.1",
      "resolved": "https://registry.npmjs.org/matchmediaquery/-/matchmediaquery-0.3.1.tgz",
      "integrity": "sha512-Hlk20WQHRIm9EE9luN1kjRjYXAQToHOIAHPJn9buxBwuhfTHoKUcX+lXBbxc85DVQfXYbEQ4HcwQdd128E3qHQ==",
      "requires": {
        "css-mediaquery": "^0.1.2"
      }
    },
    "object-assign": {
      "version": "4.1.1",
      "resolved": "https://registry.npmjs.org/object-assign/-/object-assign-4.1.1.tgz",
      "integrity": "sha1-IQmtx5ZYh8/AXLvUQsrIv7s2CGM="
    },
    "prop-types": {
      "version": "15.7.2",
      "resolved": "https://registry.npmjs.org/prop-types/-/prop-types-15.7.2.tgz",
      "integrity": "sha512-8QQikdH7//R2vurIJSutZ1smHYTcLpRWEOlHnzcWHmBYrOGUysKwSsrC89BCiFj3CbrfJ/nXFdJepOVrY1GCHQ==",
      "requires": {
        "loose-envify": "^1.4.0",
        "object-assign": "^4.1.1",
        "react-is": "^16.8.1"
      }
    },
    "rc-util": {
      "version": "5.0.7",
      "resolved": "https://registry.npmjs.org/rc-util/-/rc-util-5.0.7.tgz",
      "integrity": "sha512-nr98b5aMqqvIqxm16nF+zC3K3f81r+HsflT5E9Encr5itRwV7Vo/5GjJMNds/WiFV33rilq7vzb3xeAbCycmwg==",
      "requires": {
        "react-is": "^16.12.0",
        "shallowequal": "^1.1.0"
      }
    },
    "react-is": {
      "version": "16.13.1",
      "resolved": "https://registry.npmjs.org/react-is/-/react-is-16.13.1.tgz",
      "integrity": "sha512-24e6ynE2H+OKt4kqsOvNd8kBpV65zoxbA4BVsEOB3ARVWQki/DHzaUoC5KuON/BiccDaCCTZBuOcfZs70kR8bQ=="
    },
    "react-responsive": {
      "version": "8.1.0",
      "resolved": "https://registry.npmjs.org/react-responsive/-/react-responsive-8.1.0.tgz",
      "integrity": "sha512-U8Nv2/ZWACIw/fAE9XNPbc2Xo33X5q1bcCASc2SufvJ9ifB+o/rokfogfznSVcvS22hN1rafGi0uZD6GiVFEHw==",
      "requires": {
        "hyphenate-style-name": "^1.0.0",
        "matchmediaquery": "^0.3.0",
        "prop-types": "^15.6.1",
        "shallow-equal": "^1.1.0"
      }
    },
    "shallow-equal": {
      "version": "1.2.1",
      "resolved": "https://registry.npmjs.org/shallow-equal/-/shallow-equal-1.2.1.tgz",
      "integrity": "sha512-S4vJDjHHMBaiZuT9NPb616CSmLf618jawtv3sufLl6ivK8WocjAo58cXwbRV1cgqxH0Qbv+iUt6m05eqEa2IRA=="
    },
    "shallowequal": {
      "version": "1.1.0",
      "resolved": "https://registry.npmjs.org/shallowequal/-/shallowequal-1.1.0.tgz",
      "integrity": "sha512-y0m1JoUZSlPAjXVtPPW70aZWfIL/dSP7AFkRnniLCrK/8MDKog3TySTBmckD+RObVxH0v4Tox67+F14PdED2oQ=="
    },
    "use-json-comparison": {
      "version": "1.0.5",
      "resolved": "https://registry.npmjs.org/use-json-comparison/-/use-json-comparison-1.0.5.tgz",
      "integrity": "sha512-P/AgEKXphcN0L/8G5wLfbEz88mZQ9ayHS1OVESZaS2nxkN/msDWTGE8E1e9HXOWCZ9yoAfDrbVKAmTYpsYupFA=="
    },
    "use-media-antd-query": {
      "version": "1.0.2",
      "resolved": "https://registry.npmjs.org/use-media-antd-query/-/use-media-antd-query-1.0.2.tgz",
      "integrity": "sha512-9exG6pzEtkwtJIM2loE5/lBdNeJHoX0/CYA8NVwC0UPaiCcpHKAEyj9sEa+dju7ERPaU0//gG8+Q6I7Jr265Eg==",
      "requires": {
        "react-responsive": "^8.0.1"
      }
    }
  }
}
