{
  "name": "@admin-layout/react-shared-components",
  "version": "0.0.1",
  "lockfileVersion": 1,
  "requires": true,
  "dependencies": {
    "@ant-design/colors": {
      "version": "3.2.2",
      "resolved": "https://registry.npmjs.org/@ant-design/colors/-/colors-3.2.2.tgz",
      "integrity": "sha512-YKgNbG2dlzqMhA9NtI3/pbY16m3Yl/EeWBRa+lB1X1YaYxHrxNexiQYCLTWO/uDvAjLFMEDU+zR901waBtMtjQ==",
      "requires": {
        "tinycolor2": "^1.4.1"
      }
    },
    "@ant-design/css-animation": {
      "version": "1.7.3",
      "resolved": "https://registry.npmjs.org/@ant-design/css-animation/-/css-animation-1.7.3.tgz",
      "integrity": "sha512-LrX0OGZtW+W6iLnTAqnTaoIsRelYeuLZWsrmBJFUXDALQphPsN8cE5DCsmoSlL0QYb94BQxINiuS70Ar/8BNgA=="
    },
    "@ant-design/icons": {
      "version": "4.2.2",
      "resolved": "https://registry.npmjs.org/@ant-design/icons/-/icons-4.2.2.tgz",
      "integrity": "sha512-DrVV+wcupnHS7PehJ6KiTcJtAR5c25UMgjGECCc6pUT9rsvw0AuYG+a4HDjfxEQuDqKTHwW+oX/nIvCymyLE8Q==",
      "requires": {
        "@ant-design/colors": "^3.1.0",
        "@ant-design/icons-svg": "^4.0.0",
        "@babel/runtime": "^7.10.4",
        "classnames": "^2.2.6",
        "insert-css": "^2.0.0",
        "rc-util": "^5.0.1"
      }
    },
    "@ant-design/icons-svg": {
      "version": "4.1.0",
      "resolved": "https://registry.npmjs.org/@ant-design/icons-svg/-/icons-svg-4.1.0.tgz",
      "integrity": "sha512-Fi03PfuUqRs76aI3UWYpP864lkrfPo0hluwGqh7NJdLhvH4iRDc3jbJqZIvRDLHKbXrvAfPPV3+zjUccfFvWOQ=="
    },
    "@ant-design/pro-layout": {
      "version": "6.4.10",
      "resolved": "https://registry.npmjs.org/@ant-design/pro-layout/-/pro-layout-6.4.10.tgz",
      "integrity": "sha512-bERxy7BsP2rnDiVdA/UDi6rOm8LCUxmSbosnHNS0xKGVazbjKOKaJoMjnLPXboIJA2NyBuFDzw5T4jOtU/3kfA==",
      "requires": {
        "@ant-design/icons": "^4.0.0",
        "@ant-design/pro-provider": "0.0.6",
        "@ant-design/pro-utils": "0.1.0",
        "@umijs/route-utils": "^1.0.5",
        "antd": "^4.2.0",
        "classnames": "^2.2.6",
        "history": "^4.10.1",
        "memoize-one": "^5.1.1",
        "omit.js": "^2.0.2",
        "path-to-regexp": "2.4.0",
        "qs": "^6.9.0",
        "rc-resize-observer": "^0.2.1",
        "react-copy-to-clipboard": "^5.0.1",
        "react-responsive": "^8.0.1",
        "react-router-dom": "5.1.2",
        "unstated-next": "^1.1.0",
        "use-json-comparison": "^1.0.3",
        "use-media-antd-query": "^1.0.1",
        "warning": "^4.0.3"
      },
      "dependencies": {
        "@ant-design/pro-provider": {
          "version": "0.0.6",
          "resolved": "https://registry.npmjs.org/@ant-design/pro-provider/-/pro-provider-0.0.6.tgz",
          "integrity": "sha512-xFo45aNFb9VKUiXtv1j5aoz6KPgcwW1/49wtKOcqqzavscPEAK14lQgff24oXe/Zy7awzoBc6fEq6wjOryWULg==",
          "requires": {
            "rc-util": "^5.0.1"
          }
        },
        "@ant-design/pro-utils": {
          "version": "0.1.0",
          "resolved": "https://registry.npmjs.org/@ant-design/pro-utils/-/pro-utils-0.1.0.tgz",
          "integrity": "sha512-yvGFBqnxbwaArATDwKMKAUdDAeQkquKltba6UlnC18XGGvpAgozBnh9JD2UI8FRHswILlBrdTojTOjiy0AjXPQ==",
          "requires": {
            "@types/lodash.isequal": "^4.5.5",
            "lodash.isequal": "^4.5.0",
            "rc-util": "^5.0.6"
          }
        },
        "@umijs/route-utils": {
          "version": "1.0.32",
          "resolved": "https://registry.npmjs.org/@umijs/route-utils/-/route-utils-1.0.32.tgz",
          "integrity": "sha512-ej/HoeTyJbO3OBlLH3NQqGAO4LDUuUZgN1wv+TZqIGPtAEcavml42jF2+hEM18aKdq3ToTliF1CvsKBx/mCpyg==",
          "requires": {
            "@qixian.cs/path-to-regexp": "^6.1.0",
            "hash.js": "^1.1.7",
            "lodash.isequal": "^4.5.0",
            "memoize-one": "^5.1.1"
          }
        },
        "unstated-next": {
          "version": "1.1.0",
          "resolved": "https://registry.npmjs.org/unstated-next/-/unstated-next-1.1.0.tgz",
          "integrity": "sha512-AAn47ZncPvgBGOvMcn8tSRxsrqwf2VdAPxLASTuLJvZt4rhKfDvUkmYZLGfclImSfTVMv7tF4ynaVxin0JjDCA=="
        }
      }
    },
    "@ant-design/pro-provider": {
      "version": "0.0.2",
      "resolved": "https://registry.npmjs.org/@ant-design/pro-provider/-/pro-provider-0.0.2.tgz",
      "integrity": "sha512-8hjargkJlppq8Ty05ArnJd/ThtCJPbccBdw5YGIfsr9p5OiE6xwA56zwVlJ4nZB9r4ue5+680N8u8AIy2/Fq6g==",
      "requires": {
        "rc-util": "^5.0.1"
      }
    },
    "@ant-design/react-slick": {
      "version": "0.27.10",
      "resolved": "https://registry.npmjs.org/@ant-design/react-slick/-/react-slick-0.27.10.tgz",
      "integrity": "sha512-Lg/9RlGaYGeFjB1UkvK50xUKf7XgIVpxXVPkm+45/VoA66c3uC1KN5yRxx7AEayHcSPZDqO9TGvMXu1WbbY2vw==",
      "requires": {
        "@babel/runtime": "^7.10.4",
        "classnames": "^2.2.5",
        "json2mq": "^0.2.0",
        "lodash": "^4.17.15",
        "resize-observer-polyfill": "^1.5.0"
      }
    },
    "@babel/runtime": {
      "version": "7.11.2",
      "resolved": "https://registry.npmjs.org/@babel/runtime/-/runtime-7.11.2.tgz",
      "integrity": "sha512-TeWkU52so0mPtDcaCTxNBI/IHiz0pZgr8VEFqXFtZWpYD08ZB6FaSwVAS8MKRQAP3bYKiVjwysOJgMFY28o6Tw==",
      "requires": {
        "regenerator-runtime": "^0.13.4"
      }
    },
    "@qixian.cs/path-to-regexp": {
      "version": "6.1.0",
      "resolved": "https://registry.npmjs.org/@qixian.cs/path-to-regexp/-/path-to-regexp-6.1.0.tgz",
      "integrity": "sha512-2jIiLiVZB1jnY7IIRQKtoV8Gnr7XIhk4mC88ONGunZE3hYt5IHUG4BE/6+JiTBjjEWQLBeWnZB8hGpppkufiVw=="
    },
    "@types/lodash": {
      "version": "4.14.160",
      "resolved": "https://registry.npmjs.org/@types/lodash/-/lodash-4.14.160.tgz",
      "integrity": "sha512-aP03BShJoO+WVndoVj/WNcB/YBPt+CIU1mvaao2GRAHy2yg4pT/XS4XnVHEQBjPJGycWf/9seKEO9vopTJGkvA=="
    },
    "@types/lodash.isequal": {
      "version": "4.5.5",
      "resolved": "https://registry.npmjs.org/@types/lodash.isequal/-/lodash.isequal-4.5.5.tgz",
      "integrity": "sha512-4IKbinG7MGP131wRfceK6W4E/Qt3qssEFLF30LnJbjYiSfHGGRU/Io8YxXrZX109ir+iDETC8hw8QsDijukUVg==",
      "requires": {
        "@types/lodash": "*"
      }
    },
    "antd": {
      "version": "4.6.1",
      "resolved": "https://registry.npmjs.org/antd/-/antd-4.6.1.tgz",
      "integrity": "sha512-RsqbFvUNSZ5K114492BNo4p+4MpCUpzIsZLu0XFlufYLyIE3pyw184OZjPnJ7b4qlMEvlIoE14N8qCb4BnZF0w==",
      "requires": {
        "@ant-design/colors": "^4.0.5",
        "@ant-design/css-animation": "^1.7.2",
        "@ant-design/icons": "^4.2.1",
        "@ant-design/react-slick": "~0.27.0",
        "@babel/runtime": "^7.10.4",
        "array-tree-filter": "^2.1.0",
        "classnames": "^2.2.6",
        "copy-to-clipboard": "^3.2.0",
        "lodash": "^4.17.20",
        "moment": "^2.25.3",
        "omit.js": "^2.0.2",
        "raf": "^3.4.1",
        "rc-animate": "~3.1.0",
        "rc-cascader": "~1.3.0",
        "rc-checkbox": "~2.3.0",
        "rc-collapse": "~2.0.0",
        "rc-dialog": "~8.1.0",
        "rc-drawer": "~4.1.0",
        "rc-dropdown": "~3.1.2",
        "rc-field-form": "~1.10.0",
        "rc-image": "~3.0.2",
        "rc-input-number": "~6.0.0",
        "rc-mentions": "~1.4.0",
        "rc-menu": "~8.5.2",
        "rc-motion": "^1.0.0",
        "rc-notification": "~4.4.0",
        "rc-pagination": "~3.0.3",
        "rc-picker": "~2.0.6",
        "rc-progress": "~3.0.0",
        "rc-rate": "~2.8.2",
        "rc-resize-observer": "^0.2.3",
        "rc-select": "~11.1.0",
        "rc-slider": "~9.3.0",
        "rc-steps": "~4.1.0",
        "rc-switch": "~3.2.0",
        "rc-table": "~7.9.2",
        "rc-tabs": "~11.6.0",
        "rc-textarea": "~0.3.0",
        "rc-tooltip": "~4.2.0",
        "rc-tree": "~3.9.0",
        "rc-tree-select": "~4.1.1",
        "rc-trigger": "~4.4.0",
        "rc-upload": "~3.2.0",
        "rc-util": "^5.0.1",
        "scroll-into-view-if-needed": "^2.2.25",
        "warning": "^4.0.3"
      },
      "dependencies": {
        "@ant-design/colors": {
          "version": "4.0.5",
          "resolved": "https://registry.npmjs.org/@ant-design/colors/-/colors-4.0.5.tgz",
          "integrity": "sha512-3mnuX2prnWOWvpFTS2WH2LoouWlOgtnIpc6IarWN6GOzzLF8dW/U8UctuvIPhoboETehZfJ61XP+CGakBEPJ3Q==",
          "requires": {
            "tinycolor2": "^1.4.1"
          }
        }
      }
    },
    "array-tree-filter": {
      "version": "2.1.0",
      "resolved": "https://registry.npmjs.org/array-tree-filter/-/array-tree-filter-2.1.0.tgz",
      "integrity": "sha512-4ROwICNlNw/Hqa9v+rk5h22KjmzB1JGTMVKP2AKJBOCgb0yL0ASf0+YvCcLNNwquOHNX48jkeZIJ3a+oOQqKcw=="
    },
    "async-validator": {
      "version": "3.4.0",
      "resolved": "https://registry.npmjs.org/async-validator/-/async-validator-3.4.0.tgz",
      "integrity": "sha512-VrFk4eYiJAWKskEz115iiuCf9O0ftnMMPXrOFMqyzGH2KxO7YwncKyn/FgOOP+0MDHMfXL7gLExagCutaZGigA=="
    },
    "classnames": {
      "version": "2.2.6",
      "resolved": "https://registry.npmjs.org/classnames/-/classnames-2.2.6.tgz",
      "integrity": "sha512-JR/iSQOSt+LQIWwrwEzJ9uk0xfN3mTVYMwt1Ir5mUcSN6pU+V4zQFFaJsclJbPuAUQH+yfWef6tm7l1quW3C8Q=="
    },
    "compute-scroll-into-view": {
      "version": "1.0.14",
      "resolved": "https://registry.npmjs.org/compute-scroll-into-view/-/compute-scroll-into-view-1.0.14.tgz",
      "integrity": "sha512-mKDjINe3tc6hGelUMNDzuhorIUZ7kS7BwyY0r2wQd2HOH2tRuJykiC06iSEX8y1TuhNzvz4GcJnK16mM2J1NMQ=="
    },
    "copy-to-clipboard": {
      "version": "3.3.1",
      "resolved": "https://registry.npmjs.org/copy-to-clipboard/-/copy-to-clipboard-3.3.1.tgz",
      "integrity": "sha512-i13qo6kIHTTpCm8/Wup+0b1mVWETvu2kIMzKoK8FpkLkFxlt0znUAHcMzox+T8sPlqtZXq3CulEjQHsYiGFJUw==",
      "requires": {
        "toggle-selection": "^1.0.6"
      }
    },
    "css-mediaquery": {
      "version": "0.1.2",
      "resolved": "https://registry.npmjs.org/css-mediaquery/-/css-mediaquery-0.1.2.tgz",
      "integrity": "sha1-aiw3NEkoYYYxxUvTPO3TAdoYvqA="
    },
    "date-fns": {
      "version": "2.15.0",
      "resolved": "https://registry.npmjs.org/date-fns/-/date-fns-2.15.0.tgz",
      "integrity": "sha512-ZCPzAMJZn3rNUvvQIMlXhDr4A+Ar07eLeGsGREoWU19a3Pqf5oYa+ccd+B3F6XVtQY6HANMFdOQ8A+ipFnvJdQ=="
    },
    "dayjs": {
      "version": "1.8.34",
      "resolved": "https://registry.npmjs.org/dayjs/-/dayjs-1.8.34.tgz",
      "integrity": "sha512-Olb+E6EoMvdPmAMq2QoucuyZycKHjTlBXmRx8Ada+wGtq4SIXuDCdtoaX4KkK0yjf1fJLnwXQURr8gQKWKaybw=="
    },
    "dom-align": {
      "version": "1.12.0",
      "resolved": "https://registry.npmjs.org/dom-align/-/dom-align-1.12.0.tgz",
      "integrity": "sha512-YkoezQuhp3SLFGdOlr5xkqZ640iXrnHAwVYcDg8ZKRUtO7mSzSC2BA5V0VuyAwPSJA4CLIc6EDDJh4bEsD2+zA=="
    },
    "gud": {
      "version": "1.0.0",
      "resolved": "https://registry.npmjs.org/gud/-/gud-1.0.0.tgz",
      "integrity": "sha512-zGEOVKFM5sVPPrYs7J5/hYEw2Pof8KCyOwyhG8sAF26mCAeUFAcYPu1mwB7hhpIP29zOIBaDqwuHdLp0jvZXjw=="
    },
    "hash.js": {
      "version": "1.1.7",
      "resolved": "https://registry.npmjs.org/hash.js/-/hash.js-1.1.7.tgz",
      "integrity": "sha512-taOaskGt4z4SOANNseOviYDvjEJinIkRgmp7LbKP2YTTmVxWBl87s/uzK9r+44BclBSp2X7K1hqeNfz9JbBeXA==",
      "requires": {
        "inherits": "^2.0.3",
        "minimalistic-assert": "^1.0.1"
      }
    },
    "history": {
      "version": "4.10.1",
      "resolved": "https://registry.npmjs.org/history/-/history-4.10.1.tgz",
      "integrity": "sha512-36nwAD620w12kuzPAsyINPWJqlNbij+hpK1k9XRloDtym8mxzGYl2c17LnV6IAGB2Dmg4tEa7G7DlawS0+qjew==",
      "requires": {
        "@babel/runtime": "^7.1.2",
        "loose-envify": "^1.2.0",
        "resolve-pathname": "^3.0.0",
        "tiny-invariant": "^1.0.2",
        "tiny-warning": "^1.0.0",
        "value-equal": "^1.0.1"
      }
    },
    "hoist-non-react-statics": {
      "version": "3.3.2",
      "resolved": "https://registry.npmjs.org/hoist-non-react-statics/-/hoist-non-react-statics-3.3.2.tgz",
      "integrity": "sha512-/gGivxi8JPKWNm/W0jSmzcMPpfpPLc3dY/6GxhX2hQ9iGj3aDfklV4ET7NjKpSinLpJ5vafa9iiGIEZg10SfBw==",
      "requires": {
        "react-is": "^16.7.0"
      }
    },
    "hyphenate-style-name": {
      "version": "1.0.4",
      "resolved": "https://registry.npmjs.org/hyphenate-style-name/-/hyphenate-style-name-1.0.4.tgz",
      "integrity": "sha512-ygGZLjmXfPHj+ZWh6LwbC37l43MhfztxetbFCoYTM2VjkIUpeHgSNn7QIyVFj7YQ1Wl9Cbw5sholVJPzWvC2MQ=="
    },
    "inherits": {
      "version": "2.0.4",
      "resolved": "https://registry.npmjs.org/inherits/-/inherits-2.0.4.tgz",
      "integrity": "sha512-k/vGaX4/Yla3WzyMCvTQOXYeIHvqOKtnqBduzTHpzpQZzAskKMhZ2K+EnBiSM9zGSoIFeMpXKxa4dYeZIQqewQ=="
    },
    "insert-css": {
      "version": "2.0.0",
      "resolved": "https://registry.npmjs.org/insert-css/-/insert-css-2.0.0.tgz",
      "integrity": "sha1-610Ql7dUL0x56jBg067gfQU4gPQ="
    },
    "isarray": {
      "version": "0.0.1",
      "resolved": "https://registry.npmjs.org/isarray/-/isarray-0.0.1.tgz",
      "integrity": "sha1-ihis/Kmo9Bd+Cav8YDiTmwXR7t8="
    },
    "js-tokens": {
      "version": "4.0.0",
      "resolved": "https://registry.npmjs.org/js-tokens/-/js-tokens-4.0.0.tgz",
      "integrity": "sha512-RdJUflcE3cUzKiMqQgsCu06FPu9UdIJO0beYbPhHN4k6apgJtifcoCtT9bcxOpYBtpD2kCM6Sbzg4CausW/PKQ=="
    },
    "json2mq": {
      "version": "0.2.0",
      "resolved": "https://registry.npmjs.org/json2mq/-/json2mq-0.2.0.tgz",
      "integrity": "sha1-tje9O6nqvhIsg+lyBIOusQ0skEo=",
      "requires": {
        "string-convert": "^0.2.0"
      }
    },
    "lodash": {
      "version": "4.17.20",
      "resolved": "https://registry.npmjs.org/lodash/-/lodash-4.17.20.tgz",
      "integrity": "sha512-PlhdFcillOINfeV7Ni6oF1TAEayyZBoZ8bcshTHqOYJYlrqzRK5hagpagky5o4HfCzzd1TRkXPMFq6cKk9rGmA=="
    },
    "lodash.isequal": {
      "version": "4.5.0",
      "resolved": "https://registry.npmjs.org/lodash.isequal/-/lodash.isequal-4.5.0.tgz",
      "integrity": "sha1-QVxEePK8wwEgwizhDtMib30+GOA="
    },
    "loose-envify": {
      "version": "1.4.0",
      "resolved": "https://registry.npmjs.org/loose-envify/-/loose-envify-1.4.0.tgz",
      "integrity": "sha512-lyuxPGr/Wfhrlem2CL/UcnUc1zcqKAImBDzukY7Y5F/yQiNdko6+fRLevlw1HgMySw7f611UIY408EtxRSoK3Q==",
      "requires": {
        "js-tokens": "^3.0.0 || ^4.0.0"
      }
    },
    "matchmediaquery": {
      "version": "0.3.1",
      "resolved": "https://registry.npmjs.org/matchmediaquery/-/matchmediaquery-0.3.1.tgz",
      "integrity": "sha512-Hlk20WQHRIm9EE9luN1kjRjYXAQToHOIAHPJn9buxBwuhfTHoKUcX+lXBbxc85DVQfXYbEQ4HcwQdd128E3qHQ==",
      "requires": {
        "css-mediaquery": "^0.1.2"
      }
    },
    "memoize-one": {
      "version": "5.1.1",
      "resolved": "https://registry.npmjs.org/memoize-one/-/memoize-one-5.1.1.tgz",
      "integrity": "sha512-HKeeBpWvqiVJD57ZUAsJNm71eHTykffzcLZVYWiVfQeI1rJtuEaS7hQiEpWfVVk18donPwJEcFKIkCmPJNOhHA=="
    },
    "mini-create-react-context": {
      "version": "0.3.2",
      "resolved": "https://registry.npmjs.org/mini-create-react-context/-/mini-create-react-context-0.3.2.tgz",
      "integrity": "sha512-2v+OeetEyliMt5VHMXsBhABoJ0/M4RCe7fatd/fBy6SMiKazUSEt3gxxypfnk2SHMkdBYvorHRoQxuGoiwbzAw==",
      "requires": {
        "@babel/runtime": "^7.4.0",
        "gud": "^1.0.0",
        "tiny-warning": "^1.0.2"
      }
    },
    "mini-store": {
      "version": "3.0.6",
      "resolved": "https://registry.npmjs.org/mini-store/-/mini-store-3.0.6.tgz",
      "integrity": "sha512-YzffKHbYsMQGUWQRKdsearR79QsMzzJcDDmZKlJBqt5JNkqpyJHYlK6gP61O36X+sLf76sO9G6mhKBe83gIZIQ==",
      "requires": {
        "hoist-non-react-statics": "^3.3.2",
        "shallowequal": "^1.0.2"
      }
    },
    "minimalistic-assert": {
      "version": "1.0.1",
      "resolved": "https://registry.npmjs.org/minimalistic-assert/-/minimalistic-assert-1.0.1.tgz",
      "integrity": "sha512-UtJcAD4yEaGtjPezWuO9wC4nwUnVH/8/Im3yEHQP4b67cXlD/Qr9hdITCU1xDbSEXg2XKNaP8jsReV7vQd00/A=="
    },
    "moment": {
      "version": "2.27.0",
      "resolved": "https://registry.npmjs.org/moment/-/moment-2.27.0.tgz",
      "integrity": "sha512-al0MUK7cpIcglMv3YF13qSgdAIqxHTO7brRtaz3DlSULbqfazqkc5kEjNrLDOM7fsjshoFIihnU8snrP7zUvhQ=="
    },
    "object-assign": {
      "version": "4.1.1",
      "resolved": "https://registry.npmjs.org/object-assign/-/object-assign-4.1.1.tgz",
      "integrity": "sha1-IQmtx5ZYh8/AXLvUQsrIv7s2CGM="
    },
    "omit.js": {
      "version": "2.0.2",
      "resolved": "https://registry.npmjs.org/omit.js/-/omit.js-2.0.2.tgz",
      "integrity": "sha512-hJmu9D+bNB40YpL9jYebQl4lsTW6yEHRTroJzNLqQJYHm7c+NQnJGfZmIWh8S3q3KoaxV1aLhV6B3+0N0/kyJg=="
    },
    "path-to-regexp": {
      "version": "2.4.0",
      "resolved": "https://registry.npmjs.org/path-to-regexp/-/path-to-regexp-2.4.0.tgz",
      "integrity": "sha512-G6zHoVqC6GGTQkZwF4lkuEyMbVOjoBKAEybQUypI1WTkqinCOrq2x6U2+phkJ1XsEMTy4LjtwPI7HW+NVrRR2w=="
    },
    "performance-now": {
      "version": "2.1.0",
      "resolved": "https://registry.npmjs.org/performance-now/-/performance-now-2.1.0.tgz",
      "integrity": "sha1-Ywn04OX6kT7BxpMHrjZLSzd8nns="
    },
    "prop-types": {
      "version": "15.7.2",
      "resolved": "https://registry.npmjs.org/prop-types/-/prop-types-15.7.2.tgz",
      "integrity": "sha512-8QQikdH7//R2vurIJSutZ1smHYTcLpRWEOlHnzcWHmBYrOGUysKwSsrC89BCiFj3CbrfJ/nXFdJepOVrY1GCHQ==",
      "requires": {
        "loose-envify": "^1.4.0",
        "object-assign": "^4.1.1",
        "react-is": "^16.8.1"
      }
    },
    "qs": {
      "version": "6.9.4",
      "resolved": "https://registry.npmjs.org/qs/-/qs-6.9.4.tgz",
      "integrity": "sha512-A1kFqHekCTM7cz0udomYUoYNWjBebHm/5wzU/XqrBRBNWectVH0QIiN+NEcZ0Dte5hvzHwbr8+XQmguPhJ6WdQ=="
    },
    "raf": {
      "version": "3.4.1",
      "resolved": "https://registry.npmjs.org/raf/-/raf-3.4.1.tgz",
      "integrity": "sha512-Sq4CW4QhwOHE8ucn6J34MqtZCeWFP2aQSmrlroYgqAV1PjStIhJXxYuTgUIfkEk7zTLjmIjLmU5q+fbD1NnOJA==",
      "requires": {
        "performance-now": "^2.1.0"
      }
    },
    "rc-align": {
      "version": "4.0.3",
      "resolved": "https://registry.npmjs.org/rc-align/-/rc-align-4.0.3.tgz",
      "integrity": "sha512-TpI0t1tvAo/wYdoZbZlkCK+MkQBqNuPyRZesfsji4tMlqoqQ0q0MhnC9JD5KGPitMvmSB+KWgFpaN2uTz4hw6Q==",
      "requires": {
        "@babel/runtime": "^7.10.1",
        "classnames": "2.x",
        "dom-align": "^1.7.0",
        "rc-util": "^5.0.1",
        "resize-observer-polyfill": "^1.5.1"
      }
    },
    "rc-animate": {
      "version": "3.1.0",
      "resolved": "https://registry.npmjs.org/rc-animate/-/rc-animate-3.1.0.tgz",
      "integrity": "sha512-8FsM+3B1H+0AyTyGggY6JyVldHTs1CyYT8CfTmG/nGHHXlecvSLeICJhcKgRLjUiQlctNnRtB1rwz79cvBVmrw==",
      "requires": {
        "@ant-design/css-animation": "^1.7.2",
        "classnames": "^2.2.6",
        "raf": "^3.4.0",
        "rc-util": "^5.0.1"
      }
    },
    "rc-cascader": {
      "version": "1.3.0",
      "resolved": "https://registry.npmjs.org/rc-cascader/-/rc-cascader-1.3.0.tgz",
      "integrity": "sha512-wayuMo/dSZixvdpiRFZB4Q6A3omKRXQcJ3CxN02+PNiTEcRnK2KDqKUzrx7GwgMsyH5tz90lUZ91lLaEPNFv0A==",
      "requires": {
        "array-tree-filter": "^2.1.0",
        "rc-trigger": "^4.0.0",
        "rc-util": "^5.0.1",
        "warning": "^4.0.1"
      }
    },
    "rc-checkbox": {
      "version": "2.3.1",
      "resolved": "https://registry.npmjs.org/rc-checkbox/-/rc-checkbox-2.3.1.tgz",
      "integrity": "sha512-i290/iTqmZ0WtI2UPIryqT9rW6O99+an4KeZIyZDH3r+Jbb6YdddaWNdzq7g5m9zaNhJvgjf//wJtC4fvve2Tg==",
      "requires": {
        "@babel/runtime": "^7.10.1",
        "classnames": "^2.2.1"
      }
    },
    "rc-collapse": {
      "version": "2.0.0",
      "resolved": "https://registry.npmjs.org/rc-collapse/-/rc-collapse-2.0.0.tgz",
      "integrity": "sha512-R5+Ge1uzwK9G1wZPRPhqQsed4FXTDmU0BKzsqfNBtZdk/wd+yey8ZutmJmSozYc5hQwjPkCvJHV7gOIRZKIlJg==",
      "requires": {
        "@ant-design/css-animation": "^1.7.2",
        "classnames": "2.x",
        "rc-animate": "3.x",
        "react-is": "^16.7.0",
        "shallowequal": "^1.1.0"
      }
    },
    "rc-dialog": {
      "version": "8.1.1",
      "resolved": "https://registry.npmjs.org/rc-dialog/-/rc-dialog-8.1.1.tgz",
      "integrity": "sha512-ToyHiMlV94z8LfnmeKoVvu04Pd9+HdwwSHhY2a8IWeYGA5Cjk1WyIZvS+njCsm8rSMM4NqPqFkMZA0N/Iw0NrQ==",
      "requires": {
        "rc-animate": "3.x",
        "rc-util": "^5.0.1"
      }
    },
    "rc-drawer": {
      "version": "4.1.0",
      "resolved": "https://registry.npmjs.org/rc-drawer/-/rc-drawer-4.1.0.tgz",
      "integrity": "sha512-kjeQFngPjdzAFahNIV0EvEBoIKMOnvUsAxpkSPELoD/1DuR4nLafom5ryma+TIxGwkFJ92W6yjsMi1U9aiOTeQ==",
      "requires": {
        "@babel/runtime": "^7.10.1",
        "classnames": "^2.2.6",
        "rc-util": "^5.0.1"
      }
    },
    "rc-dropdown": {
      "version": "3.1.2",
      "resolved": "https://registry.npmjs.org/rc-dropdown/-/rc-dropdown-3.1.2.tgz",
      "integrity": "sha512-s2W5jqvjTid5DxotGO5FlTBaQWeB+Bu7McQgjB8Ot3Wbl72AIKwLf11+lgbV4mA2vWC1H8DKyn6SW9TKLTi0xg==",
      "requires": {
        "@babel/runtime": "^7.10.1",
        "classnames": "^2.2.6",
        "rc-trigger": "^4.0.0"
      }
    },
    "rc-field-form": {
      "version": "1.10.1",
      "resolved": "https://registry.npmjs.org/rc-field-form/-/rc-field-form-1.10.1.tgz",
      "integrity": "sha512-aosTtNTqLYX2jsG5GyCv7axe+b57XH73T7TmmrX/cmhemhtFjvNE6RkRkmtP9VOJnZg5YGC5HfK172cnJ1Ij7Q==",
      "requires": {
        "@babel/runtime": "^7.8.4",
        "async-validator": "^3.0.3",
        "rc-util": "^5.0.0"
      }
    },
    "rc-image": {
      "version": "3.0.2",
      "resolved": "https://registry.npmjs.org/rc-image/-/rc-image-3.0.2.tgz",
      "integrity": "sha512-kzUQw0EuxjTatIY6ZJXLtwtm9jDPUK6RnQ8HBxWPCZl1trgEbddU9TwxLfyNs030qztD1j/2juRCYKsEiSgAKQ==",
      "requires": {
        "@ant-design/icons": "^4.2.2",
        "@babel/runtime": "^7.11.2",
        "classnames": "^2.2.6",
        "rc-dialog": "^8.1.0",
        "rc-util": "^5.0.6"
      }
    },
    "rc-input-number": {
      "version": "6.0.0",
      "resolved": "https://registry.npmjs.org/rc-input-number/-/rc-input-number-6.0.0.tgz",
      "integrity": "sha512-vbe+g7HvR/joknSnvLkBTi9N9I+LsV4kljfuog8WNiS7OAF3aEN0QcHSOQ4+xk6+Hx9P1tU63z2+TyEx8W/j2Q==",
      "requires": {
        "@babel/runtime": "^7.10.1",
        "classnames": "^2.2.5",
        "rc-util": "^5.0.1"
      }
    },
    "rc-mentions": {
      "version": "1.4.1",
      "resolved": "https://registry.npmjs.org/rc-mentions/-/rc-mentions-1.4.1.tgz",
      "integrity": "sha512-MraFCsXlorfUj4/VUjRnITAnBzhM0gMH+2yj/3jmS5rIj0NjNJoTXyEUW3gTJxnw9DP22IMccMTdP3Fjz/2UgQ==",
      "requires": {
        "@babel/runtime": "^7.10.1",
        "classnames": "^2.2.6",
        "rc-menu": "^8.0.1",
        "rc-textarea": "^0.3.0",
        "rc-trigger": "^4.3.0",
        "rc-util": "^5.0.1"
      }
    },
    "rc-menu": {
      "version": "8.5.2",
      "resolved": "https://registry.npmjs.org/rc-menu/-/rc-menu-8.5.2.tgz",
      "integrity": "sha512-GPtr7qoCynVEkFgco/9cW0z/xU33GV89Q6r8FgEkrdhaQSJzuSC+v8pv+Bll5fVGQlJyJgOVqiKk7l2Knk1jYg==",
      "requires": {
        "@babel/runtime": "^7.10.1",
        "classnames": "2.x",
        "mini-store": "^3.0.1",
        "omit.js": "^2.0.0",
        "rc-motion": "^1.0.1",
        "rc-trigger": "^4.4.0",
        "rc-util": "^5.0.1",
        "resize-observer-polyfill": "^1.5.0",
        "shallowequal": "^1.1.0"
      }
    },
    "rc-motion": {
      "version": "1.0.2",
      "resolved": "https://registry.npmjs.org/rc-motion/-/rc-motion-1.0.2.tgz",
      "integrity": "sha512-FDmC9ZdzsXerlTZ+YLu+l5erjkMU98s85SFHdQac+pMy6zQ10RuON6Ntv3ZwP0+qY/YlIsK+0uMXIWOJ9LaLIg==",
      "requires": {
        "@babel/runtime": "^7.11.1",
        "classnames": "^2.2.1",
        "raf": "^3.4.1",
        "rc-util": "^5.0.6"
      }
    },
    "rc-notification": {
      "version": "4.4.0",
      "resolved": "https://registry.npmjs.org/rc-notification/-/rc-notification-4.4.0.tgz",
      "integrity": "sha512-IDeNAFGVeOsy1tv4zNVqMAXB9tianR80ewQbtObaAQfjwAjWfONdqdyjFkEU6nc6UQhSUYA5OcTGb7kwwbnh0g==",
      "requires": {
        "@babel/runtime": "^7.10.1",
        "classnames": "2.x",
        "rc-animate": "3.x",
        "rc-util": "^5.0.1"
      }
    },
    "rc-pagination": {
      "version": "3.0.3",
      "resolved": "https://registry.npmjs.org/rc-pagination/-/rc-pagination-3.0.3.tgz",
      "integrity": "sha512-xm6LsiSOAWlxferiL5e0jcun1B9vbvYzcIkqpYZR7YvC5ZrcU9KKihb+DZe3DY+oUc49xhX2qGS4D66ITHqekQ==",
      "requires": {
        "@babel/runtime": "^7.10.1",
        "classnames": "^2.2.1"
      }
    },
    "rc-picker": {
      "version": "2.0.7",
      "resolved": "https://registry.npmjs.org/rc-picker/-/rc-picker-2.0.7.tgz",
      "integrity": "sha512-0G8vSPRe4EGUx5TpKBL/4evB6N1qx6J8y2rXDqQPHetUbrLEhRSzWLIJ4RZpBNSqa0iOwLJ8RIW+a/1q8Wcopg==",
      "requires": {
        "@babel/runtime": "^7.10.1",
        "classnames": "^2.2.1",
        "date-fns": "^2.15.0",
        "dayjs": "^1.8.30",
        "moment": "^2.24.0",
        "rc-trigger": "^4.0.0",
        "rc-util": "^5.0.1",
        "shallowequal": "^1.1.0"
      }
    },
    "rc-progress": {
      "version": "3.0.0",
      "resolved": "https://registry.npmjs.org/rc-progress/-/rc-progress-3.0.0.tgz",
      "integrity": "sha512-dQv1KU3o6Vay604FMYMF4S0x4GNXAgXf1tbQ1QoxeIeQt4d5fUeB7Ri82YPu+G+aRvH/AtxYAlEcnxyVZ1/4Hw==",
      "requires": {
        "classnames": "^2.2.6"
      }
    },
    "rc-rate": {
      "version": "2.8.2",
      "resolved": "https://registry.npmjs.org/rc-rate/-/rc-rate-2.8.2.tgz",
      "integrity": "sha512-f9T/D+ZwWQrWHkpidpQbnXpnVMGMC4eSRAkwuu88a8Qv1C/9LNc4AErazoh8tpnZBFqq19F3j0Glv+sDgkfEig==",
      "requires": {
        "@babel/runtime": "^7.10.1",
        "classnames": "^2.2.5",
        "rc-util": "^5.0.1"
      }
    },
    "rc-resize-observer": {
      "version": "0.2.5",
      "resolved": "https://registry.npmjs.org/rc-resize-observer/-/rc-resize-observer-0.2.5.tgz",
      "integrity": "sha512-cc4sOI722MVoCkGf/ZZybDVsjxvnH0giyDdA7wBJLTiMSFJ0eyxBMnr0JLYoClxftjnr75Xzl/VUB3HDrAx04Q==",
      "requires": {
        "@babel/runtime": "^7.10.1",
        "classnames": "^2.2.1",
        "rc-util": "^5.0.0",
        "resize-observer-polyfill": "^1.5.1"
      }
    },
    "rc-select": {
      "version": "11.1.6",
      "resolved": "https://registry.npmjs.org/rc-select/-/rc-select-11.1.6.tgz",
      "integrity": "sha512-X5kCwUGIe3uF5las4bFiXzD3F/hxs5Nz+wpf3xG6esg352ThP5kBROmMOeb91Yo2nOPZyiH6jnLsZLecnyWbZQ==",
      "requires": {
        "@babel/runtime": "^7.10.1",
        "classnames": "2.x",
        "rc-motion": "^1.0.1",
        "rc-trigger": "^4.3.0",
        "rc-util": "^5.0.1",
        "rc-virtual-list": "^3.0.3",
        "warning": "^4.0.3"
      }
    },
    "rc-slider": {
      "version": "9.3.1",
      "resolved": "https://registry.npmjs.org/rc-slider/-/rc-slider-9.3.1.tgz",
      "integrity": "sha512-c52PWPyrfJWh28K6dixAm0906L3/4MUIxqrNQA4TLnC/Z+cBNycWJUZoJerpwSOE1HdM3XDwixCsmtFc/7aWlQ==",
      "requires": {
        "@babel/runtime": "^7.10.1",
        "classnames": "^2.2.5",
        "rc-tooltip": "^4.0.0",
        "rc-util": "^5.0.0",
        "shallowequal": "^1.1.0"
      }
    },
    "rc-steps": {
      "version": "4.1.2",
      "resolved": "https://registry.npmjs.org/rc-steps/-/rc-steps-4.1.2.tgz",
      "integrity": "sha512-kTPiojPtJi12Y7whRqlydRgJXQ1u9JlvGchI6xDrmOMZVpCTLpfc/18iu+aHCtCZaSnM2ENU/9lfm/naWVFcRw==",
      "requires": {
        "@babel/runtime": "^7.10.2",
        "classnames": "^2.2.3",
        "rc-util": "^5.0.1"
      }
    },
    "rc-switch": {
      "version": "3.2.1",
      "resolved": "https://registry.npmjs.org/rc-switch/-/rc-switch-3.2.1.tgz",
      "integrity": "sha512-ZXYSmx2U+bpHjljjqS5LGj2UIPcQk0EAq6japkaOzQ/OcyzMwWVD9oXMjcRZdO5W1g/pClIV70uEBOWuBMqP4g==",
      "requires": {
        "@babel/runtime": "^7.10.1",
        "classnames": "^2.2.1",
        "rc-util": "^5.0.1"
      }
    },
    "rc-table": {
      "version": "7.9.4",
      "resolved": "https://registry.npmjs.org/rc-table/-/rc-table-7.9.4.tgz",
      "integrity": "sha512-af3Figjca+K3ZEzIHHc0m7jgg0Z2vdValPU2i6XEMpfrjBJIgDqkQy6qmClqQ54F0CEXaw9y2j16CI8y3jK7MQ==",
      "requires": {
        "@babel/runtime": "^7.10.1",
        "classnames": "^2.2.5",
        "raf": "^3.4.1",
        "rc-resize-observer": "^0.2.0",
        "rc-util": "^5.0.4",
        "shallowequal": "^1.1.0"
      }
    },
    "rc-tabs": {
      "version": "11.6.1",
      "resolved": "https://registry.npmjs.org/rc-tabs/-/rc-tabs-11.6.1.tgz",
      "integrity": "sha512-fJZUOmwBo2E4WTbucCSZO/N1ZK+d9K/QchgDeycTIqxl5D/xtX0Dw/vC2DFi140OFjAy2JL7H0EmsSeOFfCgzw==",
      "requires": {
        "@babel/runtime": "^7.10.1",
        "classnames": "2.x",
        "raf": "^3.4.1",
        "rc-dropdown": "^3.1.0",
        "rc-menu": "^8.2.1",
        "rc-resize-observer": "^0.2.1",
        "rc-trigger": "^4.2.1",
        "rc-util": "^5.0.0"
      }
    },
    "rc-textarea": {
      "version": "0.3.0",
      "resolved": "https://registry.npmjs.org/rc-textarea/-/rc-textarea-0.3.0.tgz",
      "integrity": "sha512-vrTPkPT6wrO7EI8ouLFZZLXA1pFVrVRCnkmyyf0yRComFbcH1ogmFEGu85CjVT96rQqAiQFOe0QV3nKopZOJow==",
      "requires": {
        "@babel/runtime": "^7.10.1",
        "classnames": "^2.2.1",
        "omit.js": "^2.0.0",
        "rc-resize-observer": "^0.2.3"
      }
    },
    "rc-tooltip": {
      "version": "4.2.1",
      "resolved": "https://registry.npmjs.org/rc-tooltip/-/rc-tooltip-4.2.1.tgz",
      "integrity": "sha512-oykuaGsHg7RFvPUaxUpxo7ScEqtH61C66x4JUmjlFlSS8gSx2L8JFtfwM1D68SLBxUqGqJObtxj4TED75gQTiA==",
      "requires": {
        "rc-trigger": "^4.2.1"
      }
    },
    "rc-tree": {
      "version": "3.9.3",
      "resolved": "https://registry.npmjs.org/rc-tree/-/rc-tree-3.9.3.tgz",
      "integrity": "sha512-oztfPQj7JFSoCTzzDpGTZ9sVaPvYXN8jkbZMtjSFaAGTOsLcLAIV3Ac+oUVXJg3fCM+5tj6SaW+KVxUZCKDV7A==",
      "requires": {
        "@babel/runtime": "^7.10.1",
        "classnames": "2.x",
        "rc-motion": "^1.0.0",
        "rc-util": "^5.0.0",
        "rc-virtual-list": "^3.0.1"
      }
    },
    "rc-tree-select": {
      "version": "4.1.1",
      "resolved": "https://registry.npmjs.org/rc-tree-select/-/rc-tree-select-4.1.1.tgz",
      "integrity": "sha512-pawxt/W1chLpjtAEQe8mXI9C9DYNMGS/BR6eBmOY8cJDK6OWSa6M88S6F0jXc+A10D/CLfHAfF1ZIj7VGse+5Q==",
      "requires": {
        "@babel/runtime": "^7.10.1",
        "classnames": "2.x",
        "rc-select": "^11.1.1",
        "rc-tree": "^3.8.0",
        "rc-util": "^5.0.5"
      }
    },
    "rc-trigger": {
      "version": "4.4.0",
      "resolved": "https://registry.npmjs.org/rc-trigger/-/rc-trigger-4.4.0.tgz",
      "integrity": "sha512-09562wc5I1JUbCdWohcFYJeLTpjKjEqH+0lY7plDtyI9yFXRngrvmqsrSJyT6Nat+C35ymD7fhwCCPq3cfUI4g==",
      "requires": {
        "@babel/runtime": "^7.10.1",
        "classnames": "^2.2.6",
        "raf": "^3.4.1",
        "rc-align": "^4.0.0",
        "rc-motion": "^1.0.0",
        "rc-util": "^5.0.1"
      }
    },
    "rc-upload": {
      "version": "3.2.0",
      "resolved": "https://registry.npmjs.org/rc-upload/-/rc-upload-3.2.0.tgz",
      "integrity": "sha512-/vyOGVxl5QVM3ZE7s+GqYPbCLC/Q/vJq0sjdwnvJw01KvAR5kVOC4jbHEaU56dMss7PFGDfNzc8zO5bWYLDzVQ==",
      "requires": {
        "classnames": "^2.2.5"
      }
    },
    "rc-util": {
      "version": "5.0.7",
      "resolved": "https://registry.npmjs.org/rc-util/-/rc-util-5.0.7.tgz",
      "integrity": "sha512-nr98b5aMqqvIqxm16nF+zC3K3f81r+HsflT5E9Encr5itRwV7Vo/5GjJMNds/WiFV33rilq7vzb3xeAbCycmwg==",
      "requires": {
        "react-is": "^16.12.0",
        "shallowequal": "^1.1.0"
      }
    },
    "rc-virtual-list": {
      "version": "3.0.4",
      "resolved": "https://registry.npmjs.org/rc-virtual-list/-/rc-virtual-list-3.0.4.tgz",
      "integrity": "sha512-rWNQTMLUlFKeqYZK/Zy5aXY00KKjc0YzzmY6l68t8g6f1ivalozCvvJcKhQ9Azt5HmHdiyvUODCVk1/ZQrL5KA==",
      "requires": {
        "classnames": "^2.2.6",
        "rc-resize-observer": "^0.2.3",
        "rc-util": "^5.0.7"
      }
    },
    "react-copy-to-clipboard": {
      "version": "5.0.2",
      "resolved": "https://registry.npmjs.org/react-copy-to-clipboard/-/react-copy-to-clipboard-5.0.2.tgz",
      "integrity": "sha512-/2t5mLMMPuN5GmdXo6TebFa8IoFxZ+KTDDqYhcDm0PhkgEzSxVvIX26G20s1EB02A4h2UZgwtfymZ3lGJm0OLg==",
      "requires": {
        "copy-to-clipboard": "^3",
        "prop-types": "^15.5.8"
      }
    },
    "react-is": {
      "version": "16.13.1",
      "resolved": "https://registry.npmjs.org/react-is/-/react-is-16.13.1.tgz",
      "integrity": "sha512-24e6ynE2H+OKt4kqsOvNd8kBpV65zoxbA4BVsEOB3ARVWQki/DHzaUoC5KuON/BiccDaCCTZBuOcfZs70kR8bQ=="
    },
    "react-responsive": {
      "version": "8.1.0",
      "resolved": "https://registry.npmjs.org/react-responsive/-/react-responsive-8.1.0.tgz",
      "integrity": "sha512-U8Nv2/ZWACIw/fAE9XNPbc2Xo33X5q1bcCASc2SufvJ9ifB+o/rokfogfznSVcvS22hN1rafGi0uZD6GiVFEHw==",
      "requires": {
        "hyphenate-style-name": "^1.0.0",
        "matchmediaquery": "^0.3.0",
        "prop-types": "^15.6.1",
        "shallow-equal": "^1.1.0"
      }
    },
    "react-router": {
      "version": "5.1.2",
      "resolved": "https://registry.npmjs.org/react-router/-/react-router-5.1.2.tgz",
      "integrity": "sha512-yjEuMFy1ONK246B+rsa0cUam5OeAQ8pyclRDgpxuSCrAlJ1qN9uZ5IgyKC7gQg0w8OM50NXHEegPh/ks9YuR2A==",
      "requires": {
        "@babel/runtime": "^7.1.2",
        "history": "^4.9.0",
        "hoist-non-react-statics": "^3.1.0",
        "loose-envify": "^1.3.1",
        "mini-create-react-context": "^0.3.0",
        "path-to-regexp": "^1.7.0",
        "prop-types": "^15.6.2",
        "react-is": "^16.6.0",
        "tiny-invariant": "^1.0.2",
        "tiny-warning": "^1.0.0"
      },
      "dependencies": {
        "path-to-regexp": {
          "version": "1.8.0",
          "resolved": "https://registry.npmjs.org/path-to-regexp/-/path-to-regexp-1.8.0.tgz",
          "integrity": "sha512-n43JRhlUKUAlibEJhPeir1ncUID16QnEjNpwzNdO3Lm4ywrBpBZ5oLD0I6br9evr1Y9JTqwRtAh7JLoOzAQdVA==",
          "requires": {
            "isarray": "0.0.1"
          }
        }
      }
    },
    "react-router-dom": {
      "version": "5.1.2",
      "resolved": "https://registry.npmjs.org/react-router-dom/-/react-router-dom-5.1.2.tgz",
      "integrity": "sha512-7BPHAaIwWpZS074UKaw1FjVdZBSVWEk8IuDXdB+OkLb8vd/WRQIpA4ag9WQk61aEfQs47wHyjWUoUGGZxpQXew==",
      "requires": {
        "@babel/runtime": "^7.1.2",
        "history": "^4.9.0",
        "loose-envify": "^1.3.1",
        "prop-types": "^15.6.2",
        "react-router": "5.1.2",
        "tiny-invariant": "^1.0.2",
        "tiny-warning": "^1.0.0"
      }
    },
    "regenerator-runtime": {
      "version": "0.13.7",
      "resolved": "https://registry.npmjs.org/regenerator-runtime/-/regenerator-runtime-0.13.7.tgz",
      "integrity": "sha512-a54FxoJDIr27pgf7IgeQGxmqUNYrcV338lf/6gH456HZ/PhX+5BcwHXG9ajESmwe6WRO0tAzRUrRmNONWgkrew=="
    },
    "resize-observer-polyfill": {
      "version": "1.5.1",
      "resolved": "https://registry.npmjs.org/resize-observer-polyfill/-/resize-observer-polyfill-1.5.1.tgz",
      "integrity": "sha512-LwZrotdHOo12nQuZlHEmtuXdqGoOD0OhaxopaNFxWzInpEgaLWoVuAMbTzixuosCx2nEG58ngzW3vxdWoxIgdg=="
    },
    "resolve-pathname": {
      "version": "3.0.0",
      "resolved": "https://registry.npmjs.org/resolve-pathname/-/resolve-pathname-3.0.0.tgz",
      "integrity": "sha512-C7rARubxI8bXFNB/hqcp/4iUeIXJhJZvFPFPiSPRnhU5UPxzMFIl+2E6yY6c4k9giDJAhtV+enfA+G89N6Csng=="
    },
    "scroll-into-view-if-needed": {
      "version": "2.2.25",
      "resolved": "https://registry.npmjs.org/scroll-into-view-if-needed/-/scroll-into-view-if-needed-2.2.25.tgz",
      "integrity": "sha512-C8RKJPq9lK7eubwGpLbUkw3lklcG3Ndjmea2PyauzrA0i4DPlzAmVMGxaZrBFqCrVLfvJmP80IyHnv4jxvg1OQ==",
      "requires": {
        "compute-scroll-into-view": "^1.0.14"
      }
    },
    "shallow-equal": {
      "version": "1.2.1",
      "resolved": "https://registry.npmjs.org/shallow-equal/-/shallow-equal-1.2.1.tgz",
      "integrity": "sha512-S4vJDjHHMBaiZuT9NPb616CSmLf618jawtv3sufLl6ivK8WocjAo58cXwbRV1cgqxH0Qbv+iUt6m05eqEa2IRA=="
    },
    "shallowequal": {
      "version": "1.1.0",
      "resolved": "https://registry.npmjs.org/shallowequal/-/shallowequal-1.1.0.tgz",
      "integrity": "sha512-y0m1JoUZSlPAjXVtPPW70aZWfIL/dSP7AFkRnniLCrK/8MDKog3TySTBmckD+RObVxH0v4Tox67+F14PdED2oQ=="
    },
    "string-convert": {
      "version": "0.2.1",
      "resolved": "https://registry.npmjs.org/string-convert/-/string-convert-0.2.1.tgz",
      "integrity": "sha1-aYLMMEn7tM2F+LJFaLnZvznu/5c="
    },
    "tiny-invariant": {
      "version": "1.1.0",
      "resolved": "https://registry.npmjs.org/tiny-invariant/-/tiny-invariant-1.1.0.tgz",
      "integrity": "sha512-ytxQvrb1cPc9WBEI/HSeYYoGD0kWnGEOR8RY6KomWLBVhqz0RgTwVO9dLrGz7dC+nN9llyI7OKAgRq8Vq4ZBSw=="
    },
    "tiny-warning": {
      "version": "1.0.3",
      "resolved": "https://registry.npmjs.org/tiny-warning/-/tiny-warning-1.0.3.tgz",
      "integrity": "sha512-lBN9zLN/oAf68o3zNXYrdCt1kP8WsiGW8Oo2ka41b2IM5JL/S1CTyX1rW0mb/zSuJun0ZUrDxx4sqvYS2FWzPA=="
    },
    "tinycolor2": {
      "version": "1.4.1",
      "resolved": "https://registry.npmjs.org/tinycolor2/-/tinycolor2-1.4.1.tgz",
      "integrity": "sha1-9PrTM0R7wLB9TcjpIJ2POaisd+g="
    },
    "toggle-selection": {
      "version": "1.0.6",
      "resolved": "https://registry.npmjs.org/toggle-selection/-/toggle-selection-1.0.6.tgz",
      "integrity": "sha1-bkWxJj8gF/oKzH2J14sVuL932jI="
    },
    "use-json-comparison": {
      "version": "1.0.5",
      "resolved": "https://registry.npmjs.org/use-json-comparison/-/use-json-comparison-1.0.5.tgz",
      "integrity": "sha512-P/AgEKXphcN0L/8G5wLfbEz88mZQ9ayHS1OVESZaS2nxkN/msDWTGE8E1e9HXOWCZ9yoAfDrbVKAmTYpsYupFA=="
    },
    "use-media-antd-query": {
      "version": "1.0.2",
      "resolved": "https://registry.npmjs.org/use-media-antd-query/-/use-media-antd-query-1.0.2.tgz",
      "integrity": "sha512-9exG6pzEtkwtJIM2loE5/lBdNeJHoX0/CYA8NVwC0UPaiCcpHKAEyj9sEa+dju7ERPaU0//gG8+Q6I7Jr265Eg==",
      "requires": {
        "react-responsive": "^8.0.1"
      }
    },
    "value-equal": {
      "version": "1.0.1",
      "resolved": "https://registry.npmjs.org/value-equal/-/value-equal-1.0.1.tgz",
      "integrity": "sha512-NOJ6JZCAWr0zlxZt+xqCHNTEKOsrks2HQd4MqhP1qy4z1SkbEP467eNx6TgDKXMvUOb+OENfJCZwM+16n7fRfw=="
    },
    "warning": {
      "version": "4.0.3",
      "resolved": "https://registry.npmjs.org/warning/-/warning-4.0.3.tgz",
      "integrity": "sha512-rpJyN222KWIvHJ/F53XSZv0Zl/accqHR8et1kpaMTD/fLCRxtV8iX8czMzY7sVZupTI3zcUTg8eycS2kNF9l6w==",
      "requires": {
        "loose-envify": "^1.0.0"
      }
    }
  }
}
