{
  "name": "@admin-layout/timetracker-module-browser",
  "version": "0.0.1",
  "lockfileVersion": 1,
  "requires": true,
  "dependencies": {
    "@types/cheerio": {
      "version": "0.22.23",
      "resolved": "https://registry.npmjs.org/@types/cheerio/-/cheerio-0.22.23.tgz",
      "integrity": "sha512-QfHLujVMlGqcS/ePSf3Oe5hK3H8wi/yN2JYuxSB1U10VvW1fO3K8C+mURQesFYS1Hn7lspOsTT75SKq/XtydQg==",
      "requires": {
        "@types/node": "*"
      }
    },
    "@types/enzyme": {
      "version": "3.10.8",
      "resolved": "https://registry.npmjs.org/@types/enzyme/-/enzyme-3.10.8.tgz",
      "integrity": "sha512-vlOuzqsTHxog6PV79+tvOHFb6hq4QZKMq1lLD9MaWD1oec2lHTKndn76XOpSwCA0oFTaIbKVPrgM3k78Jjd16g==",
      "requires": {
        "@types/cheerio": "*",
        "@types/react": "*"
      }
    },
    "@types/enzyme-adapter-react-16": {
      "version": "1.0.5",
      "resolved": "https://registry.npmjs.org/@types/enzyme-adapter-react-16/-/enzyme-adapter-react-16-1.0.5.tgz",
      "integrity": "sha512-K7HLFTkBDN5RyRmU90JuYt8OWEY2iKUn43SDWEoBOXd/PowUWjLZ3Q6qMBiQuZeFYK/TOstaZxsnI0fXoAfLpg==",
      "requires": {
        "@types/enzyme": "*"
      }
    },
    "@types/node": {
      "version": "14.14.22",
      "resolved": "https://registry.npmjs.org/@types/node/-/node-14.14.22.tgz",
      "integrity": "sha512-g+f/qj/cNcqKkc3tFqlXOYjrmZA+jNBiDzbP3kH+B+otKFqAdPgVTGP1IeKRdMml/aE69as5S4FqtxAbl+LaMw=="
    },
    "@types/prop-types": {
      "version": "15.7.3",
      "resolved": "https://registry.npmjs.org/@types/prop-types/-/prop-types-15.7.3.tgz",
      "integrity": "sha512-KfRL3PuHmqQLOG+2tGpRO26Ctg+Cq1E01D2DMriKEATHgWLfeNDmq9e29Q9WIky0dQ3NPkd1mzYH8Lm936Z9qw=="
    },
    "@types/react": {
      "version": "17.0.0",
      "resolved": "https://registry.npmjs.org/@types/react/-/react-17.0.0.tgz",
      "integrity": "sha512-aj/L7RIMsRlWML3YB6KZiXB3fV2t41+5RBGYF8z+tAKU43Px8C3cYUZsDvf1/+Bm4FK21QWBrDutu8ZJ/70qOw==",
      "requires": {
        "@types/prop-types": "*",
        "csstype": "^3.0.2"
      }
    },
    "csstype": {
      "version": "3.0.6",
      "resolved": "https://registry.npmjs.org/csstype/-/csstype-3.0.6.tgz",
      "integrity": "sha512-+ZAmfyWMT7TiIlzdqJgjMb7S4f1beorDbWbsocyK4RaiqA5RTX3K14bnBWmmA9QEM0gRdsjyyrEmcyga8Zsxmw=="
    },
    "react-compound-timer": {
      "version": "1.2.0",
      "resolved": "https://registry.npmjs.org/react-compound-timer/-/react-compound-timer-1.2.0.tgz",
      "integrity": "sha512-BEFT0Z/+vusfAy4Ci1+G5lr8mI+dk3ddRJuu1DIYA5xGS+5P+M0o4krHmFMKgHuaIY9H3xx0KCvf3ilb1+HFWA=="
    },
    "react-simple-timefield": {
      "version": "3.2.3",
      "resolved": "https://registry.npmjs.org/react-simple-timefield/-/react-simple-timefield-3.2.3.tgz",
      "integrity": "sha512-0Zc8UZucgpNSg+jCCC0lVmimJnQYGVd6699+5IfjDHFhbIdwGWPW04cfpvlJ2G6SNIoTDm1shm5rZD4lu8UvuQ==",
      "requires": {
        "@types/enzyme-adapter-react-16": "1.0.5"
      }
    },
    "rifm": {
      "version": "0.12.0",
      "resolved": "https://registry.npmjs.org/rifm/-/rifm-0.12.0.tgz",
      "integrity": "sha512-PqOl+Mo2lyqrKiD34FPlnQ+ksD3F+a62TQlphiZshgriyHdfjn6jGyqUZhd+s3nsMYXwXYDdjrrv8wX7QsOG3g=="
    },
    "store": {
      "version": "2.0.12",
      "resolved": "https://registry.npmjs.org/store/-/store-2.0.12.tgz",
      "integrity": "sha1-jFNOKguDH3K3X8XxEZhXxE711ZM="
    }
  }
}
