{
  "name": "@admin-layout/timetracker-module-browser",
  "version": "0.0.1",
  "lockfileVersion": 1,
  "requires": true,
  "dependencies": {
    "react-compound-timer": {
      "version": "1.2.0",
      "resolved": "https://registry.npmjs.org/react-compound-timer/-/react-compound-timer-1.2.0.tgz",
      "integrity": "sha512-BEFT0Z/+vusfAy4Ci1+G5lr8mI+dk3ddRJuu1DIYA5xGS+5P+M0o4krHmFMKgHuaIY9H3xx0KCvf3ilb1+HFWA=="
    },
    "store": {
      "version": "2.0.12",
      "resolved": "https://registry.npmjs.org/store/-/store-2.0.12.tgz",
      "integrity": "sha1-jFNOKguDH3K3X8XxEZhXxE711ZM="
    }
  }
}
